
Microsoft Visual Studio Solution File, Format Version 12.00
Project("{FAE04EC0-301F-11D3-BF4B-00C04F79EFBC}") = "VirtualKeyboardNetCore", "VirtualKeyboardNetCore\VirtualKeyboardNetCore.csproj", "{6BFB683E-F2DC-459F-8588-EC0CE485A788}"
EndProject
Global
	GlobalSection(SolutionConfigurationPlatforms) = preSolution
		Debug|Any CPU = Debug|Any CPU
		Release|Any CPU = Release|Any CPU
	EndGlobalSection
	GlobalSection(ProjectConfigurationPlatforms) = postSolution
		{6BFB683E-F2DC-459F-8588-EC0CE485A788}.Debug|Any CPU.ActiveCfg = Debug|Any CPU
		{6BFB683E-F2DC-459F-8588-EC0CE485A788}.Debug|Any CPU.Build.0 = Debug|Any CPU
		{6BFB683E-F2DC-459F-8588-EC0CE485A788}.Release|Any CPU.ActiveCfg = Release|Any CPU
		{6BFB683E-F2DC-459F-8588-EC0CE485A788}.Release|Any CPU.Build.0 = Release|Any CPU
	EndGlobalSection
EndGlobal
